
Microsoft Visual Studio Solution File, Format Version 10.00
# Visual Studio 2008
Project("{FAE04EC0-301F-11D3-BF4B-00C04F79EFBC}") = "sos", "sos\sos.csproj", "{E409FCB2-FC55-4C9A-85A4-09089A2E2FAB}"
EndProject
Global
	GlobalSection(SolutionConfigurationPlatforms) = preSolution
		Debug|Any CPU = Debug|Any CPU
		Release|Any CPU = Release|Any CPU
	EndGlobalSection
	GlobalSection(ProjectConfigurationPlatforms) = postSolution
		{E409FCB2-FC55-4C9A-85A4-09089A2E2FAB}.Debug|Any CPU.ActiveCfg = Debug|Any CPU
		{E409FCB2-FC55-4C9A-85A4-09089A2E2FAB}.Debug|Any CPU.Build.0 = Debug|Any CPU
		{E409FCB2-FC55-4C9A-85A4-09089A2E2FAB}.Release|Any CPU.ActiveCfg = Release|Any CPU
		{E409FCB2-FC55-4C9A-85A4-09089A2E2FAB}.Release|Any CPU.Build.0 = Release|Any CPU
	EndGlobalSection
	GlobalSection(SolutionProperties) = preSolution
		HideSolutionNode = FALSE
	EndGlobalSection
EndGlobal
